PODS:
  - app_settings (5.1.1):
    - Flutter
  - connectivity_plus (0.0.1):
    - Flutter
    - ReachabilitySwift
  - Flutter (1.0.0)
  - flutter_local_notifications (0.0.1):
    - Flutter
  - fluttertoast (0.0.2):
    - Flutter
    - Toast
  - image_picker_ios (0.0.1):
    - Flutter
  - images_picker (0.0.1):
    - Flutter
    - ZLPhotoBrowser (= 4.2.5)
  - MTBBarcodeScanner (5.0.11)
  - permission_handler_apple (9.1.1):
    - Flutter
  - qr_code_scanner (0.2.0):
    - Flutter
    - MTBBarcodeScanner
  - ReachabilitySwift (5.2.3)
  - sqflite (0.0.3):
    - Flutter
    - FlutterMacOS
  - Toast (4.1.1)
  - ZLPhotoBrowser (4.2.5):
    - ZLPhotoBrowser/Core (= 4.2.5)
  - ZLPhotoBrowser/Core (4.2.5)

DEPENDENCIES:
  - app_settings (from `.symlinks/plugins/app_settings/ios`)
  - connectivity_plus (from `.symlinks/plugins/connectivity_plus/ios`)
  - Flutter (from `Flutter`)
  - flutter_local_notifications (from `.symlinks/plugins/flutter_local_notifications/ios`)
  - fluttertoast (from `.symlinks/plugins/fluttertoast/ios`)
  - image_picker_ios (from `.symlinks/plugins/image_picker_ios/ios`)
  - images_picker (from `.symlinks/plugins/images_picker/ios`)
  - permission_handler_apple (from `.symlinks/plugins/permission_handler_apple/ios`)
  - qr_code_scanner (from `.symlinks/plugins/qr_code_scanner/ios`)
  - sqflite (from `.symlinks/plugins/sqflite/darwin`)

SPEC REPOS:
  trunk:
    - MTBBarcodeScanner
    - ReachabilitySwift
    - Toast
    - ZLPhotoBrowser

EXTERNAL SOURCES:
  app_settings:
    :path: ".symlinks/plugins/app_settings/ios"
  connectivity_plus:
    :path: ".symlinks/plugins/connectivity_plus/ios"
  Flutter:
    :path: Flutter
  flutter_local_notifications:
    :path: ".symlinks/plugins/flutter_local_notifications/ios"
  fluttertoast:
    :path: ".symlinks/plugins/fluttertoast/ios"
  image_picker_ios:
    :path: ".symlinks/plugins/image_picker_ios/ios"
  images_picker:
    :path: ".symlinks/plugins/images_picker/ios"
  permission_handler_apple:
    :path: ".symlinks/plugins/permission_handler_apple/ios"
  qr_code_scanner:
    :path: ".symlinks/plugins/qr_code_scanner/ios"
  sqflite:
    :path: ".symlinks/plugins/sqflite/darwin"

SPEC CHECKSUMS:
  app_settings: 3507c575c2b18a462c99948f61d5de21d4420999
  connectivity_plus: 4d5101c5877bedcda6cd1ccb825307911667d6b0
  Flutter: cabc95a1d2626b1b06e7179b784ebcf0c0cde467
  flutter_local_notifications: ef18f0537538fcd18e9106b3ddc91cc10b4e579a
  fluttertoast: eaafdac812d1d69931004e881c87a8643b1c9111
  image_picker_ios: a768de0d44b0925de635738f5030f9f2727eb996
  images_picker: f01be5684149ad15ee37b5f270a3d50fdb33afa5
  MTBBarcodeScanner: f453b33c4b7dfe545d8c6484ed744d55671788cb
  permission_handler_apple: 3787117e48f80715ff04a3830ca039283d6a4f29
  qr_code_scanner: d77f94ecc9abf96d9b9b8fc04ef13f611e5a147a
  ReachabilitySwift: 7f151ff156cea1481a8411701195ac6a984f4979
  sqflite: c35dad70033b8862124f8337cc994a809fcd9fa3
  Toast: 1f5ea13423a1e6674c4abdac5be53587ae481c4e
  ZLPhotoBrowser: 4bfab86b851042e18d7f413284472aa68759626a

PODFILE CHECKSUM: 8e6af8b48323e1ab43e70306dcd8327744e8b6e3

COCOAPODS: 1.16.2
